
Microsoft Visual Studio Solution File, Format Version 12.00
# Visual Studio Version 16
VisualStudioVersion = 16.0.30621.155
MinimumVisualStudioVersion = 10.0.40219.1
Project("{FAE04EC0-301F-11D3-BF4B-00C04F79EFBC}") = "KyrsovayaAvtoservise", "KyrsovayaAvtoservise\KyrsovayaAvtoservise.csproj", "{7D3D84EA-D2CF-47A6-9395-8EB546215E99}"
EndProject
Project("{2150E333-8FDC-42A3-9474-1A3956D46DE8}") = "Товары автосервиса", "Товары автосервиса", "{E2610A20-2AC4-44C3-82A9-90DE6C138140}"
	ProjectSection(SolutionItems) = preProject
		..\Товары автосервиса\0070C563.jpg = ..\Товары автосервиса\0070C563.jpg
		..\Товары автосервиса\022096CB.jpg = ..\Товары автосервиса\022096CB.jpg
		..\Товары автосервиса\03D096CB.jpg = ..\Товары автосервиса\03D096CB.jpg
		..\Товары автосервиса\0D30C4EE.jpg = ..\Товары автосервиса\0D30C4EE.jpg
		..\Товары автосервиса\0D60A8A4.jpg = ..\Товары автосервиса\0D60A8A4.jpg
		..\Товары автосервиса\0DF0A8A4.jpg = ..\Товары автосервиса\0DF0A8A4.jpg
		..\Товары автосервиса\21B0E533.jpg = ..\Товары автосервиса\21B0E533.jpg
		..\Товары автосервиса\23106A35.jpg = ..\Товары автосервиса\23106A35.jpg
		..\Товары автосервиса\2390848B.jpg = ..\Товары автосервиса\2390848B.jpg
		..\Товары автосервиса\23F0848B.jpg = ..\Товары автосервиса\23F0848B.jpg
		..\Товары автосервиса\27B0C883.jpg = ..\Товары автосервиса\27B0C883.jpg
		..\Товары автосервиса\2A109062.jpg = ..\Товары автосервиса\2A109062.jpg
		..\Товары автосервиса\2B009062.jpg = ..\Товары автосервиса\2B009062.jpg
		..\Товары автосервиса\2B609062.jpg = ..\Товары автосервиса\2B609062.jpg
		..\Товары автосервиса\2D709062.jpg = ..\Товары автосервиса\2D709062.jpg
		..\Товары автосервиса\2E00E06C.jpg = ..\Товары автосервиса\2E00E06C.jpg
		..\Товары автосервиса\2E30E06C.jpg = ..\Товары автосервиса\2E30E06C.jpg
		..\Товары автосервиса\2E60E06C.jpg = ..\Товары автосервиса\2E60E06C.jpg
		..\Товары автосервиса\30E0C751.jpg = ..\Товары автосервиса\30E0C751.jpg
		..\Товары автосервиса\3760D73F.jpg = ..\Товары автосервиса\3760D73F.jpg
		..\Товары автосервиса\3970E753.jpg = ..\Товары автосервиса\3970E753.jpg
		..\Товары автосервиса\39A0C188.jpg = ..\Товары автосервиса\39A0C188.jpg
		..\Товары автосервиса\39D0C188.jpg = ..\Товары автосервиса\39D0C188.jpg
		..\Товары автосервиса\3B70C57C.jpg = ..\Товары автосервиса\3B70C57C.jpg
		..\Товары автосервиса\3DA0B713.jpg = ..\Товары автосервиса\3DA0B713.jpg
		..\Товары автосервиса\3DF0E4BC.jpg = ..\Товары автосервиса\3DF0E4BC.jpg
		..\Товары автосервиса\40409946.jpg = ..\Товары автосервиса\40409946.jpg
		..\Товары автосервиса\43909176.jpg = ..\Товары автосервиса\43909176.jpg
		..\Товары автосервиса\43C09176.jpg = ..\Товары автосервиса\43C09176.jpg
		..\Товары автосервиса\43E08C52.jpg = ..\Товары автосервиса\43E08C52.jpg
		..\Товары автосервиса\45008C52.jpg = ..\Товары автосервиса\45008C52.jpg
		..\Товары автосервиса\45908C52.jpg = ..\Товары автосервиса\45908C52.jpg
		..\Товары автосервиса\47E07CB5.jpg = ..\Товары автосервиса\47E07CB5.jpg
		..\Товары автосервиса\5180B90E.jpg = ..\Товары автосервиса\5180B90E.jpg
		..\Товары автосервиса\5250C855.jpg = ..\Товары автосервиса\5250C855.jpg
		..\Товары автосервиса\54B0795D.jpg = ..\Товары автосервиса\54B0795D.jpg
		..\Товары автосервиса\59B0BE73.jpg = ..\Товары автосервиса\59B0BE73.jpg
		..\Товары автосервиса\5A30A7EE.jpg = ..\Товары автосервиса\5A30A7EE.jpg
		..\Товары автосервиса\5BB0C351.jpg = ..\Товары автосервиса\5BB0C351.jpg
		..\Товары автосервиса\5BE0C351.jpg = ..\Товары автосервиса\5BE0C351.jpg
		..\Товары автосервиса\6080DCD5.jpg = ..\Товары автосервиса\6080DCD5.jpg
		..\Товары автосервиса\63C09E91.jpg = ..\Товары автосервиса\63C09E91.jpg
		..\Товары автосервиса\6730A31C.jpg = ..\Товары автосервиса\6730A31C.jpg
		..\Товары автосервиса\6800BB8A.jpg = ..\Товары автосервиса\6800BB8A.jpg
		..\Товары автосервиса\69C0CD62.jpg = ..\Товары автосервиса\69C0CD62.jpg
		..\Товары автосервиса\6CA0BE73.jpg = ..\Товары автосервиса\6CA0BE73.jpg
		..\Товары автосервиса\6CE0A012.jpg = ..\Товары автосервиса\6CE0A012.jpg
		..\Товары автосервиса\6DA0A012.jpg = ..\Товары автосервиса\6DA0A012.jpg
		..\Товары автосервиса\6DD0A012.jpg = ..\Товары автосервиса\6DD0A012.jpg
		..\Товары автосервиса\7B70B9C6.jpg = ..\Товары автосервиса\7B70B9C6.jpg
		..\Товары автосервиса\8430842A.jpg = ..\Товары автосервиса\8430842A.jpg
		..\Товары автосервиса\85C04040.jpg = ..\Товары автосервиса\85C04040.jpg
		..\Товары автосервиса\8BC0C1A9.jpg = ..\Товары автосервиса\8BC0C1A9.jpg
		..\Товары автосервиса\8E20A863.jpg = ..\Товары автосервиса\8E20A863.jpg
		..\Товары автосервиса\8F609ED7.jpg = ..\Товары автосервиса\8F609ED7.jpg
		..\Товары автосервиса\8F909ED7.jpg = ..\Товары автосервиса\8F909ED7.jpg
		..\Товары автосервиса\8FE07916.jpg = ..\Товары автосервиса\8FE07916.jpg
		..\Товары автосервиса\90505D31.jpg = ..\Товары автосервиса\90505D31.jpg
		..\Товары автосервиса\90A0B807.jpg = ..\Товары автосервиса\90A0B807.jpg
		..\Товары автосервиса\90D0B807.jpg = ..\Товары автосервиса\90D0B807.jpg
		..\Товары автосервиса\9290C1E7.jpg = ..\Товары автосервиса\9290C1E7.jpg
		..\Товары автосервиса\92C0C1E7.jpg = ..\Товары автосервиса\92C0C1E7.jpg
		..\Товары автосервиса\9380C1E7.jpg = ..\Товары автосервиса\9380C1E7.jpg
		..\Товары автосервиса\96E0C1E7.jpg = ..\Товары автосервиса\96E0C1E7.jpg
		..\Товары автосервиса\9750DA76.jpg = ..\Товары автосервиса\9750DA76.jpg
		..\Товары автосервиса\97809225.jpg = ..\Товары автосервиса\97809225.jpg
		..\Товары автосервиса\9B3075EB.jpg = ..\Товары автосервиса\9B3075EB.jpg
		..\Товары автосервиса\AD00B713.jpg = ..\Товары автосервиса\AD00B713.jpg
		..\Товары автосервиса\B0A0C186.jpg = ..\Товары автосервиса\B0A0C186.jpg
		..\Товары автосервиса\B0F0CB59.jpg = ..\Товары автосервиса\B0F0CB59.jpg
		..\Товары автосервиса\B590AA7B.jpg = ..\Товары автосервиса\B590AA7B.jpg
		..\Товары автосервиса\B790A6AA.jpg = ..\Товары автосервиса\B790A6AA.jpg
		..\Товары автосервиса\BA30C186.jpg = ..\Товары автосервиса\BA30C186.jpg
		..\Товары автосервиса\BD80E8D5.jpg = ..\Товары автосервиса\BD80E8D5.jpg
		..\Товары автосервиса\C310B9F3.jpg = ..\Товары автосервиса\C310B9F3.jpg
		..\Товары автосервиса\C9C0F036.jpg = ..\Товары автосервиса\C9C0F036.jpg
		..\Товары автосервиса\CC10C869.jpg = ..\Товары автосервиса\CC10C869.jpg
		..\Товары автосервиса\CC40C869.jpg = ..\Товары автосервиса\CC40C869.jpg
		..\Товары автосервиса\D0D08F32.jpg = ..\Товары автосервиса\D0D08F32.jpg
		..\Товары автосервиса\D2508F32.jpg = ..\Товары автосервиса\D2508F32.jpg
		..\Товары автосервиса\D4D0CE67.jpg = ..\Товары автосервиса\D4D0CE67.jpg
		..\Товары автосервиса\D9605006.jpg = ..\Товары автосервиса\D9605006.jpg
		..\Товары автосервиса\DC70BEC3.jpg = ..\Товары автосервиса\DC70BEC3.jpg
		..\Товары автосервиса\E0A0E079.jpg = ..\Товары автосервиса\E0A0E079.jpg
		..\Товары автосервиса\E0D0E079.jpg = ..\Товары автосервиса\E0D0E079.jpg
		..\Товары автосервиса\E320BB7C.jpg = ..\Товары автосервиса\E320BB7C.jpg
		..\Товары автосервиса\E3A0B18A.jpg = ..\Товары автосервиса\E3A0B18A.jpg
		..\Товары автосервиса\E5507A37.jpg = ..\Товары автосервиса\E5507A37.jpg
		..\Товары автосервиса\E9308929.jpg = ..\Товары автосервиса\E9308929.jpg
		..\Товары автосервиса\EF80D790.jpg = ..\Товары автосервиса\EF80D790.jpg
		..\Товары автосервиса\EFC05011.jpg = ..\Товары автосервиса\EFC05011.jpg
		..\Товары автосервиса\F160E078.jpg = ..\Товары автосервиса\F160E078.jpg
		..\Товары автосервиса\F200BC2F.jpg = ..\Товары автосервиса\F200BC2F.jpg
		..\Товары автосервиса\F2B0E078.jpg = ..\Товары автосервиса\F2B0E078.jpg
		..\Товары автосервиса\F2E0E078.jpg = ..\Товары автосервиса\F2E0E078.jpg
		..\Товары автосервиса\F310E078.jpg = ..\Товары автосервиса\F310E078.jpg
		..\Товары автосервиса\F460E078.jpg = ..\Товары автосервиса\F460E078.jpg
		..\Товары автосервиса\F490E078.jpg = ..\Товары автосервиса\F490E078.jpg
		..\Товары автосервиса\F8E0B138.jpg = ..\Товары автосервиса\F8E0B138.jpg
		..\Товары автосервиса\FA90B138.jpg = ..\Товары автосервиса\FA90B138.jpg
	EndProjectSection
EndProject
Global
	GlobalSection(SolutionConfigurationPlatforms) = preSolution
		Debug|Any CPU = Debug|Any CPU
		Release|Any CPU = Release|Any CPU
	EndGlobalSection
	GlobalSection(ProjectConfigurationPlatforms) = postSolution
		{7D3D84EA-D2CF-47A6-9395-8EB546215E99}.Debug|Any CPU.ActiveCfg = Debug|Any CPU
		{7D3D84EA-D2CF-47A6-9395-8EB546215E99}.Debug|Any CPU.Build.0 = Debug|Any CPU
		{7D3D84EA-D2CF-47A6-9395-8EB546215E99}.Release|Any CPU.ActiveCfg = Release|Any CPU
		{7D3D84EA-D2CF-47A6-9395-8EB546215E99}.Release|Any CPU.Build.0 = Release|Any CPU
	EndGlobalSection
	GlobalSection(SolutionProperties) = preSolution
		HideSolutionNode = FALSE
	EndGlobalSection
	GlobalSection(ExtensibilityGlobals) = postSolution
		SolutionGuid = {9CA4BCE9-7C85-41DF-85D3-492261B23B43}
	EndGlobalSection
EndGlobal
